
Microsoft Visual Studio Solution File, Format Version 12.00
# Visual Studio 15
VisualStudioVersion = 15.0.26730.16
MinimumVisualStudioVersion = 10.0.40219.1
Project("{FAE04EC0-301F-11D3-BF4B-00C04F79EFBC}") = "Textbook L7", "Textbook L7\Textbook L7.csproj", "{826623A8-382E-461E-8AF9-D26CFFD3E4DB}"
EndProject
Global
	GlobalSection(SolutionConfigurationPlatforms) = preSolution
		Debug|Any CPU = Debug|Any CPU
		Release|Any CPU = Release|Any CPU
	EndGlobalSection
	GlobalSection(ProjectConfigurationPlatforms) = postSolution
		{826623A8-382E-461E-8AF9-D26CFFD3E4DB}.Debug|Any CPU.ActiveCfg = Debug|Any CPU
		{826623A8-382E-461E-8AF9-D26CFFD3E4DB}.Debug|Any CPU.Build.0 = Debug|Any CPU
		{826623A8-382E-461E-8AF9-D26CFFD3E4DB}.Release|Any CPU.ActiveCfg = Release|Any CPU
		{826623A8-382E-461E-8AF9-D26CFFD3E4DB}.Release|Any CPU.Build.0 = Release|Any CPU
	EndGlobalSection
	GlobalSection(SolutionProperties) = preSolution
		HideSolutionNode = FALSE
	EndGlobalSection
	GlobalSection(ExtensibilityGlobals) = postSolution
		SolutionGuid = {1B44FD63-7F80-4FDB-AC6E-B69E9CB263A5}
	EndGlobalSection
EndGlobal
