
Microsoft Visual Studio Solution File, Format Version 12.00
# Visual Studio 15
VisualStudioVersion = 15.0.26730.16
MinimumVisualStudioVersion = 10.0.40219.1
Project("{FAE04EC0-301F-11D3-BF4B-00C04F79EFBC}") = "TextbookL9 GCcollect", "TextbookL9 GCcollect\TextbookL9 GCcollect.csproj", "{6E948838-288C-469C-B1BC-22A4968913FF}"
EndProject
Global
	GlobalSection(SolutionConfigurationPlatforms) = preSolution
		Debug|Any CPU = Debug|Any CPU
		Release|Any CPU = Release|Any CPU
	EndGlobalSection
	GlobalSection(ProjectConfigurationPlatforms) = postSolution
		{6E948838-288C-469C-B1BC-22A4968913FF}.Debug|Any CPU.ActiveCfg = Debug|Any CPU
		{6E948838-288C-469C-B1BC-22A4968913FF}.Debug|Any CPU.Build.0 = Debug|Any CPU
		{6E948838-288C-469C-B1BC-22A4968913FF}.Release|Any CPU.ActiveCfg = Release|Any CPU
		{6E948838-288C-469C-B1BC-22A4968913FF}.Release|Any CPU.Build.0 = Release|Any CPU
	EndGlobalSection
	GlobalSection(SolutionProperties) = preSolution
		HideSolutionNode = FALSE
	EndGlobalSection
	GlobalSection(ExtensibilityGlobals) = postSolution
		SolutionGuid = {EC866CC0-DCE3-4615-953B-7BDEAD1DD4C0}
	EndGlobalSection
EndGlobal
