
Microsoft Visual Studio Solution File, Format Version 12.00
# Visual Studio 15
VisualStudioVersion = 15.0.26730.16
MinimumVisualStudioVersion = 10.0.40219.1
Project("{FAE04EC0-301F-11D3-BF4B-00C04F79EFBC}") = "Textbook L6", "Textbook L6\Textbook L6.csproj", "{8D7D0622-F48B-42A9-AE4A-0F7220BC4561}"
EndProject
Global
	GlobalSection(SolutionConfigurationPlatforms) = preSolution
		Debug|Any CPU = Debug|Any CPU
		Release|Any CPU = Release|Any CPU
	EndGlobalSection
	GlobalSection(ProjectConfigurationPlatforms) = postSolution
		{8D7D0622-F48B-42A9-AE4A-0F7220BC4561}.Debug|Any CPU.ActiveCfg = Debug|Any CPU
		{8D7D0622-F48B-42A9-AE4A-0F7220BC4561}.Debug|Any CPU.Build.0 = Debug|Any CPU
		{8D7D0622-F48B-42A9-AE4A-0F7220BC4561}.Release|Any CPU.ActiveCfg = Release|Any CPU
		{8D7D0622-F48B-42A9-AE4A-0F7220BC4561}.Release|Any CPU.Build.0 = Release|Any CPU
	EndGlobalSection
	GlobalSection(SolutionProperties) = preSolution
		HideSolutionNode = FALSE
	EndGlobalSection
	GlobalSection(ExtensibilityGlobals) = postSolution
		SolutionGuid = {D8153575-A815-4AA1-8AB4-8E37BB7D62D6}
	EndGlobalSection
EndGlobal
