
Microsoft Visual Studio Solution File, Format Version 12.00
# Visual Studio 15
VisualStudioVersion = 15.0.26730.16
MinimumVisualStudioVersion = 10.0.40219.1
Project("{FAE04EC0-301F-11D3-BF4B-00C04F79EFBC}") = "Textbook L8 time4", "Textbook L8 time4\Textbook L8 time4.csproj", "{3BA048BB-9F79-4755-ACC5-CBC2B4FD0688}"
EndProject
Global
	GlobalSection(SolutionConfigurationPlatforms) = preSolution
		Debug|Any CPU = Debug|Any CPU
		Release|Any CPU = Release|Any CPU
	EndGlobalSection
	GlobalSection(ProjectConfigurationPlatforms) = postSolution
		{3BA048BB-9F79-4755-ACC5-CBC2B4FD0688}.Debug|Any CPU.ActiveCfg = Debug|Any CPU
		{3BA048BB-9F79-4755-ACC5-CBC2B4FD0688}.Debug|Any CPU.Build.0 = Debug|Any CPU
		{3BA048BB-9F79-4755-ACC5-CBC2B4FD0688}.Release|Any CPU.ActiveCfg = Release|Any CPU
		{3BA048BB-9F79-4755-ACC5-CBC2B4FD0688}.Release|Any CPU.Build.0 = Release|Any CPU
	EndGlobalSection
	GlobalSection(SolutionProperties) = preSolution
		HideSolutionNode = FALSE
	EndGlobalSection
	GlobalSection(ExtensibilityGlobals) = postSolution
		SolutionGuid = {01BE34E2-B4D6-47EE-B34B-593515EF8908}
	EndGlobalSection
EndGlobal
