
Microsoft Visual Studio Solution File, Format Version 12.00
# Visual Studio 15
VisualStudioVersion = 15.0.26730.16
MinimumVisualStudioVersion = 10.0.40219.1
Project("{FAE04EC0-301F-11D3-BF4B-00C04F79EFBC}") = "point3", "point3\point3.csproj", "{F3E155A5-A90B-4D9B-96FC-5C3196954677}"
EndProject
Global
	GlobalSection(SolutionConfigurationPlatforms) = preSolution
		Debug|Any CPU = Debug|Any CPU
		Release|Any CPU = Release|Any CPU
	EndGlobalSection
	GlobalSection(ProjectConfigurationPlatforms) = postSolution
		{F3E155A5-A90B-4D9B-96FC-5C3196954677}.Debug|Any CPU.ActiveCfg = Debug|Any CPU
		{F3E155A5-A90B-4D9B-96FC-5C3196954677}.Debug|Any CPU.Build.0 = Debug|Any CPU
		{F3E155A5-A90B-4D9B-96FC-5C3196954677}.Release|Any CPU.ActiveCfg = Release|Any CPU
		{F3E155A5-A90B-4D9B-96FC-5C3196954677}.Release|Any CPU.Build.0 = Release|Any CPU
	EndGlobalSection
	GlobalSection(SolutionProperties) = preSolution
		HideSolutionNode = FALSE
	EndGlobalSection
	GlobalSection(ExtensibilityGlobals) = postSolution
		SolutionGuid = {EB77718C-A5BC-44F5-9043-4FC4B70C212F}
	EndGlobalSection
EndGlobal
