
Microsoft Visual Studio Solution File, Format Version 12.00
# Visual Studio 15
VisualStudioVersion = 15.0.26730.16
MinimumVisualStudioVersion = 10.0.40219.1
Project("{FAE04EC0-301F-11D3-BF4B-00C04F79EFBC}") = "HW_GCD", "HW_GCD\HW_GCD.csproj", "{83A47CA3-1CFB-40CE-973E-B6768CAE96CE}"
EndProject
Global
	GlobalSection(SolutionConfigurationPlatforms) = preSolution
		Debug|Any CPU = Debug|Any CPU
		Release|Any CPU = Release|Any CPU
	EndGlobalSection
	GlobalSection(ProjectConfigurationPlatforms) = postSolution
		{83A47CA3-1CFB-40CE-973E-B6768CAE96CE}.Debug|Any CPU.ActiveCfg = Debug|Any CPU
		{83A47CA3-1CFB-40CE-973E-B6768CAE96CE}.Debug|Any CPU.Build.0 = Debug|Any CPU
		{83A47CA3-1CFB-40CE-973E-B6768CAE96CE}.Release|Any CPU.ActiveCfg = Release|Any CPU
		{83A47CA3-1CFB-40CE-973E-B6768CAE96CE}.Release|Any CPU.Build.0 = Release|Any CPU
	EndGlobalSection
	GlobalSection(SolutionProperties) = preSolution
		HideSolutionNode = FALSE
	EndGlobalSection
	GlobalSection(ExtensibilityGlobals) = postSolution
		SolutionGuid = {A9FC96D6-357D-48FB-88ED-73EA29FE73DF}
	EndGlobalSection
EndGlobal
